
Microsoft Visual Studio Solution File, Format Version 12.00
# Visual Studio 15
VisualStudioVersion = 15.0.28307.168
MinimumVisualStudioVersion = 10.0.40219.1
Project("{FAE04EC0-301F-11D3-BF4B-00C04F79EFBC}") = "Common", "Common\Common.csproj", "{610D3538-14CB-4D74-99B0-6BE969AD33B2}"
EndProject
Project("{FAE04EC0-301F-11D3-BF4B-00C04F79EFBC}") = "Tester", "Tester\Tester.csproj", "{BDE76826-2CEF-43FD-9BCA-0DBFC600773A}"
EndProject
Project("{FAE04EC0-301F-11D3-BF4B-00C04F79EFBC}") = "Web1", "Web1\Web1.csproj", "{5C0D727E-AFBC-4BE3-9D4C-29E2E0FACCFF}"
EndProject
Global
	GlobalSection(SolutionConfigurationPlatforms) = preSolution
		Debug|Any CPU = Debug|Any CPU
		Release|Any CPU = Release|Any CPU
	EndGlobalSection
	GlobalSection(ProjectConfigurationPlatforms) = postSolution
		{610D3538-14CB-4D74-99B0-6BE969AD33B2}.Debug|Any CPU.ActiveCfg = Debug|Any CPU
		{610D3538-14CB-4D74-99B0-6BE969AD33B2}.Debug|Any CPU.Build.0 = Debug|Any CPU
		{610D3538-14CB-4D74-99B0-6BE969AD33B2}.Release|Any CPU.ActiveCfg = Release|Any CPU
		{610D3538-14CB-4D74-99B0-6BE969AD33B2}.Release|Any CPU.Build.0 = Release|Any CPU
		{BDE76826-2CEF-43FD-9BCA-0DBFC600773A}.Debug|Any CPU.ActiveCfg = Debug|Any CPU
		{BDE76826-2CEF-43FD-9BCA-0DBFC600773A}.Debug|Any CPU.Build.0 = Debug|Any CPU
		{BDE76826-2CEF-43FD-9BCA-0DBFC600773A}.Release|Any CPU.ActiveCfg = Release|Any CPU
		{BDE76826-2CEF-43FD-9BCA-0DBFC600773A}.Release|Any CPU.Build.0 = Release|Any CPU
		{5C0D727E-AFBC-4BE3-9D4C-29E2E0FACCFF}.Debug|Any CPU.ActiveCfg = Debug|Any CPU
		{5C0D727E-AFBC-4BE3-9D4C-29E2E0FACCFF}.Debug|Any CPU.Build.0 = Debug|Any CPU
		{5C0D727E-AFBC-4BE3-9D4C-29E2E0FACCFF}.Release|Any CPU.ActiveCfg = Release|Any CPU
		{5C0D727E-AFBC-4BE3-9D4C-29E2E0FACCFF}.Release|Any CPU.Build.0 = Release|Any CPU
	EndGlobalSection
	GlobalSection(SolutionProperties) = preSolution
		HideSolutionNode = FALSE
	EndGlobalSection
	GlobalSection(ExtensibilityGlobals) = postSolution
		SolutionGuid = {26AB0E8B-1837-462F-88F2-F1ECADAA1CAC}
	EndGlobalSection
EndGlobal
